
Microsoft Visual Studio Solution File, Format Version 12.00
# Visual Studio Version 17
VisualStudioVersion = 17.14.36414.22
MinimumVisualStudioVersion = 10.0.40219.1
Project("{8BC9CEB8-8B4A-11D0-8D11-00A0C91BC942}") = "Program", "Program.vcxproj", "{01319790-7226-45B9-B2FE-2DD199600C5B}"
EndProject
Project("{8BC9CEB8-8B4A-11D0-8D11-00A0C91BC942}") = "Class1th (Stream)", "..\Class1th (Stream)\Class1th (Stream).vcxproj", "{40705CDC-7188-4683-9CF0-166010861707}"
EndProject
Project("{8BC9CEB8-8B4A-11D0-8D11-00A0C91BC942}") = "Class2th (Class)", "..\Class2th (Class)\Class2th (Class).vcxproj", "{6A8FE0B5-C12D-430F-8478-F930833F1575}"
EndProject
Project("{8BC9CEB8-8B4A-11D0-8D11-00A0C91BC942}") = "Class3th (Constructor&Destructor)", "..\Class3th (Constructor&Destructor)\Class3th (Constructor&Destructor).vcxproj", "{8B6A6A02-32D0-47A0-850A-A6DAD3581328}"
EndProject
Project("{8BC9CEB8-8B4A-11D0-8D11-00A0C91BC942}") = "Class4th (Inheritance)", "..\Class4th (Inheritance)\Class4th (Inheritance).vcxproj", "{AB719613-38E8-44AB-A051-64CCBF3CA696}"
EndProject
Project("{8BC9CEB8-8B4A-11D0-8D11-00A0C91BC942}") = "Class5th (Polymophism)", "..\Class5th (Polymophism)\Class5th (Polymophism).vcxproj", "{24F3928C-9861-49BB-8381-A3B1DD52D0A7}"
EndProject
Project("{8BC9CEB8-8B4A-11D0-8D11-00A0C91BC942}") = "Class6th (Abstract)", "..\Class6th (Abstract)\Class6th (Abstract).vcxproj", "{89AE8D81-F2AD-458C-87FF-50702F634330}"
EndProject
Project("{8BC9CEB8-8B4A-11D0-8D11-00A0C91BC942}") = "Class7th (Encapsulation)", "..\Class7th (Encapsulation)\Class7th (Encapsulation).vcxproj", "{78F58F1E-47F1-4BF7-B018-5DDC2FA0139E}"
EndProject
Global
	GlobalSection(SolutionConfigurationPlatforms) = preSolution
		Debug|x64 = Debug|x64
		Debug|x86 = Debug|x86
		Release|x64 = Release|x64
		Release|x86 = Release|x86
	EndGlobalSection
	GlobalSection(ProjectConfigurationPlatforms) = postSolution
		{01319790-7226-45B9-B2FE-2DD199600C5B}.Debug|x64.ActiveCfg = Debug|x64
		{01319790-7226-45B9-B2FE-2DD199600C5B}.Debug|x64.Build.0 = Debug|x64
		{01319790-7226-45B9-B2FE-2DD199600C5B}.Debug|x86.ActiveCfg = Debug|Win32
		{01319790-7226-45B9-B2FE-2DD199600C5B}.Debug|x86.Build.0 = Debug|Win32
		{01319790-7226-45B9-B2FE-2DD199600C5B}.Release|x64.ActiveCfg = Release|x64
		{01319790-7226-45B9-B2FE-2DD199600C5B}.Release|x64.Build.0 = Release|x64
		{01319790-7226-45B9-B2FE-2DD199600C5B}.Release|x86.ActiveCfg = Release|Win32
		{01319790-7226-45B9-B2FE-2DD199600C5B}.Release|x86.Build.0 = Release|Win32
		{40705CDC-7188-4683-9CF0-166010861707}.Debug|x64.ActiveCfg = Debug|x64
		{40705CDC-7188-4683-9CF0-166010861707}.Debug|x64.Build.0 = Debug|x64
		{40705CDC-7188-4683-9CF0-166010861707}.Debug|x86.ActiveCfg = Debug|Win32
		{40705CDC-7188-4683-9CF0-166010861707}.Debug|x86.Build.0 = Debug|Win32
		{40705CDC-7188-4683-9CF0-166010861707}.Release|x64.ActiveCfg = Release|x64
		{40705CDC-7188-4683-9CF0-166010861707}.Release|x64.Build.0 = Release|x64
		{40705CDC-7188-4683-9CF0-166010861707}.Release|x86.ActiveCfg = Release|Win32
		{40705CDC-7188-4683-9CF0-166010861707}.Release|x86.Build.0 = Release|Win32
		{6A8FE0B5-C12D-430F-8478-F930833F1575}.Debug|x64.ActiveCfg = Debug|x64
		{6A8FE0B5-C12D-430F-8478-F930833F1575}.Debug|x64.Build.0 = Debug|x64
		{6A8FE0B5-C12D-430F-8478-F930833F1575}.Debug|x86.ActiveCfg = Debug|Win32
		{6A8FE0B5-C12D-430F-8478-F930833F1575}.Debug|x86.Build.0 = Debug|Win32
		{6A8FE0B5-C12D-430F-8478-F930833F1575}.Release|x64.ActiveCfg = Release|x64
		{6A8FE0B5-C12D-430F-8478-F930833F1575}.Release|x64.Build.0 = Release|x64
		{6A8FE0B5-C12D-430F-8478-F930833F1575}.Release|x86.ActiveCfg = Release|Win32
		{6A8FE0B5-C12D-430F-8478-F930833F1575}.Release|x86.Build.0 = Release|Win32
		{8B6A6A02-32D0-47A0-850A-A6DAD3581328}.Debug|x64.ActiveCfg = Debug|x64
		{8B6A6A02-32D0-47A0-850A-A6DAD3581328}.Debug|x64.Build.0 = Debug|x64
		{8B6A6A02-32D0-47A0-850A-A6DAD3581328}.Debug|x86.ActiveCfg = Debug|Win32
		{8B6A6A02-32D0-47A0-850A-A6DAD3581328}.Debug|x86.Build.0 = Debug|Win32
		{8B6A6A02-32D0-47A0-850A-A6DAD3581328}.Release|x64.ActiveCfg = Release|x64
		{8B6A6A02-32D0-47A0-850A-A6DAD3581328}.Release|x64.Build.0 = Release|x64
		{8B6A6A02-32D0-47A0-850A-A6DAD3581328}.Release|x86.ActiveCfg = Release|Win32
		{8B6A6A02-32D0-47A0-850A-A6DAD3581328}.Release|x86.Build.0 = Release|Win32
		{AB719613-38E8-44AB-A051-64CCBF3CA696}.Debug|x64.ActiveCfg = Debug|x64
		{AB719613-38E8-44AB-A051-64CCBF3CA696}.Debug|x64.Build.0 = Debug|x64
		{AB719613-38E8-44AB-A051-64CCBF3CA696}.Debug|x86.ActiveCfg = Debug|Win32
		{AB719613-38E8-44AB-A051-64CCBF3CA696}.Debug|x86.Build.0 = Debug|Win32
		{AB719613-38E8-44AB-A051-64CCBF3CA696}.Release|x64.ActiveCfg = Release|x64
		{AB719613-38E8-44AB-A051-64CCBF3CA696}.Release|x64.Build.0 = Release|x64
		{AB719613-38E8-44AB-A051-64CCBF3CA696}.Release|x86.ActiveCfg = Release|Win32
		{AB719613-38E8-44AB-A051-64CCBF3CA696}.Release|x86.Build.0 = Release|Win32
		{24F3928C-9861-49BB-8381-A3B1DD52D0A7}.Debug|x64.ActiveCfg = Debug|x64
		{24F3928C-9861-49BB-8381-A3B1DD52D0A7}.Debug|x64.Build.0 = Debug|x64
		{24F3928C-9861-49BB-8381-A3B1DD52D0A7}.Debug|x86.ActiveCfg = Debug|Win32
		{24F3928C-9861-49BB-8381-A3B1DD52D0A7}.Debug|x86.Build.0 = Debug|Win32
		{24F3928C-9861-49BB-8381-A3B1DD52D0A7}.Release|x64.ActiveCfg = Release|x64
		{24F3928C-9861-49BB-8381-A3B1DD52D0A7}.Release|x64.Build.0 = Release|x64
		{24F3928C-9861-49BB-8381-A3B1DD52D0A7}.Release|x86.ActiveCfg = Release|Win32
		{24F3928C-9861-49BB-8381-A3B1DD52D0A7}.Release|x86.Build.0 = Release|Win32
		{89AE8D81-F2AD-458C-87FF-50702F634330}.Debug|x64.ActiveCfg = Debug|x64
		{89AE8D81-F2AD-458C-87FF-50702F634330}.Debug|x64.Build.0 = Debug|x64
		{89AE8D81-F2AD-458C-87FF-50702F634330}.Debug|x86.ActiveCfg = Debug|Win32
		{89AE8D81-F2AD-458C-87FF-50702F634330}.Debug|x86.Build.0 = Debug|Win32
		{89AE8D81-F2AD-458C-87FF-50702F634330}.Release|x64.ActiveCfg = Release|x64
		{89AE8D81-F2AD-458C-87FF-50702F634330}.Release|x64.Build.0 = Release|x64
		{89AE8D81-F2AD-458C-87FF-50702F634330}.Release|x86.ActiveCfg = Release|Win32
		{89AE8D81-F2AD-458C-87FF-50702F634330}.Release|x86.Build.0 = Release|Win32
		{78F58F1E-47F1-4BF7-B018-5DDC2FA0139E}.Debug|x64.ActiveCfg = Debug|x64
		{78F58F1E-47F1-4BF7-B018-5DDC2FA0139E}.Debug|x64.Build.0 = Debug|x64
		{78F58F1E-47F1-4BF7-B018-5DDC2FA0139E}.Debug|x86.ActiveCfg = Debug|Win32
		{78F58F1E-47F1-4BF7-B018-5DDC2FA0139E}.Debug|x86.Build.0 = Debug|Win32
		{78F58F1E-47F1-4BF7-B018-5DDC2FA0139E}.Release|x64.ActiveCfg = Release|x64
		{78F58F1E-47F1-4BF7-B018-5DDC2FA0139E}.Release|x64.Build.0 = Release|x64
		{78F58F1E-47F1-4BF7-B018-5DDC2FA0139E}.Release|x86.ActiveCfg = Release|Win32
		{78F58F1E-47F1-4BF7-B018-5DDC2FA0139E}.Release|x86.Build.0 = Release|Win32
	EndGlobalSection
	GlobalSection(SolutionProperties) = preSolution
		HideSolutionNode = FALSE
	EndGlobalSection
	GlobalSection(ExtensibilityGlobals) = postSolution
		SolutionGuid = {B8B6C728-CB15-4DD7-BE8F-42DCEF13AC15}
	EndGlobalSection
EndGlobal
